
Microsoft Visual Studio Solution File, Format Version 12.00
# Visual Studio 2013
VisualStudioVersion = 12.0.40629.0
MinimumVisualStudioVersion = 10.0.40219.1
Project("{FAE04EC0-301F-11D3-BF4B-00C04F79EFBC}") = "Wiki.Tests", "Wiki.Tests\Wiki.Tests.csproj", "{36251154-660C-4E74-839A-5130D5D6A412}"
EndProject
Project("{FAE04EC0-301F-11D3-BF4B-00C04F79EFBC}") = "Program", "Program\Program.csproj", "{76C1EEDE-D49D-4C9A-A899-075FD92C0546}"
EndProject
Project("{FAE04EC0-301F-11D3-BF4B-00C04F79EFBC}") = "Wiki", "Wiki\Wiki.csproj", "{A8990139-BC50-40E0-B05A-DDEDD6A9DB5D}"
EndProject
Project("{FAE04EC0-301F-11D3-BF4B-00C04F79EFBC}") = "Wiki.Templates", "Wiki.Templates\Wiki.Templates.csproj", "{22179899-5425-407B-B9B9-DC8A4D9A2DB0}"
EndProject
Global
	GlobalSection(SolutionConfigurationPlatforms) = preSolution
		Debug|Any CPU = Debug|Any CPU
		Release|Any CPU = Release|Any CPU
	EndGlobalSection
	GlobalSection(ProjectConfigurationPlatforms) = postSolution
		{36251154-660C-4E74-839A-5130D5D6A412}.Debug|Any CPU.ActiveCfg = Debug|Any CPU
		{36251154-660C-4E74-839A-5130D5D6A412}.Debug|Any CPU.Build.0 = Debug|Any CPU
		{36251154-660C-4E74-839A-5130D5D6A412}.Release|Any CPU.ActiveCfg = Release|Any CPU
		{36251154-660C-4E74-839A-5130D5D6A412}.Release|Any CPU.Build.0 = Release|Any CPU
		{76C1EEDE-D49D-4C9A-A899-075FD92C0546}.Debug|Any CPU.ActiveCfg = Debug|Any CPU
		{76C1EEDE-D49D-4C9A-A899-075FD92C0546}.Debug|Any CPU.Build.0 = Debug|Any CPU
		{76C1EEDE-D49D-4C9A-A899-075FD92C0546}.Release|Any CPU.ActiveCfg = Release|Any CPU
		{76C1EEDE-D49D-4C9A-A899-075FD92C0546}.Release|Any CPU.Build.0 = Release|Any CPU
		{A8990139-BC50-40E0-B05A-DDEDD6A9DB5D}.Debug|Any CPU.ActiveCfg = Debug|Any CPU
		{A8990139-BC50-40E0-B05A-DDEDD6A9DB5D}.Debug|Any CPU.Build.0 = Debug|Any CPU
		{A8990139-BC50-40E0-B05A-DDEDD6A9DB5D}.Release|Any CPU.ActiveCfg = Release|Any CPU
		{A8990139-BC50-40E0-B05A-DDEDD6A9DB5D}.Release|Any CPU.Build.0 = Release|Any CPU
		{22179899-5425-407B-B9B9-DC8A4D9A2DB0}.Debug|Any CPU.ActiveCfg = Debug|Any CPU
		{22179899-5425-407B-B9B9-DC8A4D9A2DB0}.Debug|Any CPU.Build.0 = Debug|Any CPU
		{22179899-5425-407B-B9B9-DC8A4D9A2DB0}.Release|Any CPU.ActiveCfg = Release|Any CPU
		{22179899-5425-407B-B9B9-DC8A4D9A2DB0}.Release|Any CPU.Build.0 = Release|Any CPU
	EndGlobalSection
	GlobalSection(SolutionProperties) = preSolution
		HideSolutionNode = FALSE
	EndGlobalSection
EndGlobal
