
Microsoft Visual Studio Solution File, Format Version 12.00
# Visual Studio 2013
VisualStudioVersion = 12.0.30723.0
MinimumVisualStudioVersion = 10.0.40219.1
Project("{FAE04EC0-301F-11D3-BF4B-00C04F79EFBC}") = "Wiki.Bot", "Wiki.Bot\Wiki.Bot.csproj", "{86BFFB7F-8015-4105-B629-5EF3A4A7D0A5}"
EndProject
Project("{FAE04EC0-301F-11D3-BF4B-00C04F79EFBC}") = "Wiki.Core", "Wiki.Core\Wiki.Core.csproj", "{61A3A286-FF64-47DD-A094-CA37427E4F00}"
EndProject
Project("{FAE04EC0-301F-11D3-BF4B-00C04F79EFBC}") = "Wiki.Models", "Wiki.Models\Wiki.Models.csproj", "{8587F545-2180-469A-959F-CE77C0A8D3C8}"
EndProject
Global
	GlobalSection(SolutionConfigurationPlatforms) = preSolution
		Debug|Any CPU = Debug|Any CPU
		Release|Any CPU = Release|Any CPU
	EndGlobalSection
	GlobalSection(ProjectConfigurationPlatforms) = postSolution
		{86BFFB7F-8015-4105-B629-5EF3A4A7D0A5}.Debug|Any CPU.ActiveCfg = Debug|Any CPU
		{86BFFB7F-8015-4105-B629-5EF3A4A7D0A5}.Debug|Any CPU.Build.0 = Debug|Any CPU
		{86BFFB7F-8015-4105-B629-5EF3A4A7D0A5}.Release|Any CPU.ActiveCfg = Release|Any CPU
		{86BFFB7F-8015-4105-B629-5EF3A4A7D0A5}.Release|Any CPU.Build.0 = Release|Any CPU
		{61A3A286-FF64-47DD-A094-CA37427E4F00}.Debug|Any CPU.ActiveCfg = Debug|Any CPU
		{61A3A286-FF64-47DD-A094-CA37427E4F00}.Debug|Any CPU.Build.0 = Debug|Any CPU
		{61A3A286-FF64-47DD-A094-CA37427E4F00}.Release|Any CPU.ActiveCfg = Release|Any CPU
		{61A3A286-FF64-47DD-A094-CA37427E4F00}.Release|Any CPU.Build.0 = Release|Any CPU
		{8587F545-2180-469A-959F-CE77C0A8D3C8}.Debug|Any CPU.ActiveCfg = Debug|Any CPU
		{8587F545-2180-469A-959F-CE77C0A8D3C8}.Debug|Any CPU.Build.0 = Debug|Any CPU
		{8587F545-2180-469A-959F-CE77C0A8D3C8}.Release|Any CPU.ActiveCfg = Release|Any CPU
		{8587F545-2180-469A-959F-CE77C0A8D3C8}.Release|Any CPU.Build.0 = Release|Any CPU
	EndGlobalSection
	GlobalSection(SolutionProperties) = preSolution
		HideSolutionNode = FALSE
	EndGlobalSection
EndGlobal
